
Microsoft Visual Studio Solution File, Format Version 12.00
# Visual Studio Version 17
VisualStudioVersion = 17.0.32014.148
MinimumVisualStudioVersion = 10.0.40219.1
Project("{FAE04EC0-301F-11D3-BF4B-00C04F79EFBC}") = "Impresoras", "Impresoras\Impresoras.csproj", "{1BDC2FB9-718C-44F3-A252-3AD8AC57AF38}"
EndProject
Project("{FAE04EC0-301F-11D3-BF4B-00C04F79EFBC}") = "Repositorio", "Repositorio\Repositorio.csproj", "{91BD378D-D9AA-4D67-9020-A64C509DB7DF}"
EndProject
Project("{FAE04EC0-301F-11D3-BF4B-00C04F79EFBC}") = "Entidades", "Entidades\Entidades.csproj", "{46899467-E9F6-44C8-90F5-BBAF72244578}"
EndProject
Global
	GlobalSection(SolutionConfigurationPlatforms) = preSolution
		Debug|Any CPU = Debug|Any CPU
		Release|Any CPU = Release|Any CPU
	EndGlobalSection
	GlobalSection(ProjectConfigurationPlatforms) = postSolution
		{1BDC2FB9-718C-44F3-A252-3AD8AC57AF38}.Debug|Any CPU.ActiveCfg = Debug|Any CPU
		{1BDC2FB9-718C-44F3-A252-3AD8AC57AF38}.Debug|Any CPU.Build.0 = Debug|Any CPU
		{1BDC2FB9-718C-44F3-A252-3AD8AC57AF38}.Release|Any CPU.ActiveCfg = Release|Any CPU
		{1BDC2FB9-718C-44F3-A252-3AD8AC57AF38}.Release|Any CPU.Build.0 = Release|Any CPU
		{91BD378D-D9AA-4D67-9020-A64C509DB7DF}.Debug|Any CPU.ActiveCfg = Debug|Any CPU
		{91BD378D-D9AA-4D67-9020-A64C509DB7DF}.Debug|Any CPU.Build.0 = Debug|Any CPU
		{91BD378D-D9AA-4D67-9020-A64C509DB7DF}.Release|Any CPU.ActiveCfg = Release|Any CPU
		{91BD378D-D9AA-4D67-9020-A64C509DB7DF}.Release|Any CPU.Build.0 = Release|Any CPU
		{46899467-E9F6-44C8-90F5-BBAF72244578}.Debug|Any CPU.ActiveCfg = Debug|Any CPU
		{46899467-E9F6-44C8-90F5-BBAF72244578}.Debug|Any CPU.Build.0 = Debug|Any CPU
		{46899467-E9F6-44C8-90F5-BBAF72244578}.Release|Any CPU.ActiveCfg = Release|Any CPU
		{46899467-E9F6-44C8-90F5-BBAF72244578}.Release|Any CPU.Build.0 = Release|Any CPU
	EndGlobalSection
	GlobalSection(SolutionProperties) = preSolution
		HideSolutionNode = FALSE
	EndGlobalSection
	GlobalSection(ExtensibilityGlobals) = postSolution
		SolutionGuid = {BFF27B84-0A5F-40D3-BC39-3675190D8357}
	EndGlobalSection
EndGlobal
